
Microsoft Visual Studio Solution File, Format Version 12.00
# Visual Studio 15
VisualStudioVersion = 15.0.28010.2046
MinimumVisualStudioVersion = 10.0.40219.1
Project("{FAE04EC0-301F-11D3-BF4B-00C04F79EFBC}") = "DAL", "DAL\DAL.csproj", "{83FADAC7-0D2A-4722-8989-8A7E38990D0B}"
EndProject
Project("{9A19103F-16F7-4668-BE54-9A1E7A4F7556}") = "BLL", "BLL\BLL.csproj", "{B1D6BC79-9CBC-4479-AFAF-431CD9BBA1B9}"
EndProject
Project("{FAE04EC0-301F-11D3-BF4B-00C04F79EFBC}") = "Web", "Web\Web\Web.csproj", "{EFE3F09F-300C-4DAE-8808-E3F7C264B437}"
EndProject
Global
	GlobalSection(SolutionConfigurationPlatforms) = preSolution
		Debug|Any CPU = Debug|Any CPU
		Release|Any CPU = Release|Any CPU
	EndGlobalSection
	GlobalSection(ProjectConfigurationPlatforms) = postSolution
		{83FADAC7-0D2A-4722-8989-8A7E38990D0B}.Debug|Any CPU.ActiveCfg = Debug|Any CPU
		{83FADAC7-0D2A-4722-8989-8A7E38990D0B}.Debug|Any CPU.Build.0 = Debug|Any CPU
		{83FADAC7-0D2A-4722-8989-8A7E38990D0B}.Release|Any CPU.ActiveCfg = Release|Any CPU
		{83FADAC7-0D2A-4722-8989-8A7E38990D0B}.Release|Any CPU.Build.0 = Release|Any CPU
		{B1D6BC79-9CBC-4479-AFAF-431CD9BBA1B9}.Debug|Any CPU.ActiveCfg = Debug|Any CPU
		{B1D6BC79-9CBC-4479-AFAF-431CD9BBA1B9}.Debug|Any CPU.Build.0 = Debug|Any CPU
		{B1D6BC79-9CBC-4479-AFAF-431CD9BBA1B9}.Release|Any CPU.ActiveCfg = Release|Any CPU
		{B1D6BC79-9CBC-4479-AFAF-431CD9BBA1B9}.Release|Any CPU.Build.0 = Release|Any CPU
		{EFE3F09F-300C-4DAE-8808-E3F7C264B437}.Debug|Any CPU.ActiveCfg = Debug|Any CPU
		{EFE3F09F-300C-4DAE-8808-E3F7C264B437}.Debug|Any CPU.Build.0 = Debug|Any CPU
		{EFE3F09F-300C-4DAE-8808-E3F7C264B437}.Release|Any CPU.ActiveCfg = Release|Any CPU
		{EFE3F09F-300C-4DAE-8808-E3F7C264B437}.Release|Any CPU.Build.0 = Release|Any CPU
	EndGlobalSection
	GlobalSection(SolutionProperties) = preSolution
		HideSolutionNode = FALSE
	EndGlobalSection
	GlobalSection(ExtensibilityGlobals) = postSolution
		SolutionGuid = {703C9A8C-5643-4878-87EC-5D4907240781}
	EndGlobalSection
EndGlobal
